// !$*UTF8*$!
{
	archiveVersion = 1;
	classes = {
	};
	objectVersion = 46;
	objects = {

/* Begin PBXBuildFile section */
		F6B8D9E41BFF4756006B65D0 /* AppDelegate.swift in Sources */ = {isa = PBXBuildFile; fileRef = F6B8D9E31BFF4756006B65D0 /* AppDelegate.swift */; };
		F6B8D9E61BFF4756006B65D0 /* ViewController.swift in Sources */ = {isa = PBXBuildFile; fileRef = F6B8D9E51BFF4756006B65D0 /* ViewController.swift */; };
		F6B8D9E91BFF4756006B65D0 /* Main.storyboard in Resources */ = {isa = PBXBuildFile; fileRef = F6B8D9E71BFF4756006B65D0 /* Main.storyboard */; };
		F6B8D9EC1BFF4756006B65D0 /* FacebookTestSwift.xcdatamodeld in Sources */ = {isa = PBXBuildFile; fileRef = F6B8D9EA1BFF4756006B65D0 /* FacebookTestSwift.xcdatamodeld */; };
		F6B8D9EE1BFF4756006B65D0 /* Assets.xcassets in Resources */ = {isa = PBXBuildFile; fileRef = F6B8D9ED1BFF4756006B65D0 /* Assets.xcassets */; };
		F6B8D9F11BFF4756006B65D0 /* LaunchScreen.storyboard in Resources */ = {isa = PBXBuildFile; fileRef = F6B8D9EF1BFF4756006B65D0 /* LaunchScreen.storyboard */; };
		F6B8D9FC1BFF4756006B65D0 /* FacebookTestSwiftTests.swift in Sources */ = {isa = PBXBuildFile; fileRef = F6B8D9FB1BFF4756006B65D0 /* FacebookTestSwiftTests.swift */; };
		F6B8DA071BFF4756006B65D0 /* FacebookTestSwiftUITests.swift in Sources */ = {isa = PBXBuildFile; fileRef = F6B8DA061BFF4756006B65D0 /* FacebookTestSwiftUITests.swift */; };
		F6B8DA171BFF4A02006B65D0 /* FBSDKCoreKit.framework in Frameworks */ = {isa = PBXBuildFile; fileRef = F6B8DA151BFF4A02006B65D0 /* FBSDKCoreKit.framework */; };
		F6B8DA181BFF4A02006B65D0 /* FBSDKLoginKit.framework in Frameworks */ = {isa = PBXBuildFile; fileRef = F6B8DA161BFF4A02006B65D0 /* FBSDKLoginKit.framework */; };
		F6B8DA1A1BFF5248006B65D0 /* GreetingsViewController.swift in Sources */ = {isa = PBXBuildFile; fileRef = F6B8DA191BFF5248006B65D0 /* GreetingsViewController.swift */; };
/* End PBXBuildFile section */

/* Begin PBXContainerItemProxy section */
		F6B8D9F81BFF4756006B65D0 /* PBXContainerItemProxy */ = {
			isa = PBXContainerItemProxy;
			containerPortal = F6B8D9D81BFF4756006B65D0 /* Project object */;
			proxyType = 1;
			remoteGlobalIDString = F6B8D9DF1BFF4756006B65D0;
			remoteInfo = FacebookTestSwift;
		};
		F6B8DA031BFF4756006B65D0 /* PBXContainerItemProxy */ = {
			isa = PBXContainerItemProxy;
			containerPortal = F6B8D9D81BFF4756006B65D0 /* Project object */;
			proxyType = 1;
			remoteGlobalIDString = F6B8D9DF1BFF4756006B65D0;
			remoteInfo = FacebookTestSwift;
		};
/* End PBXContainerItemProxy section */

/* Begin PBXFileReference section */
		F6B8D9E01BFF4756006B65D0 /* FacebookTestSwift.app */ = {isa = PBXFileReference; explicitFileType = wrapper.application; includeInIndex = 0; path = FacebookTestSwift.app; sourceTree = BUILT_PRODUCTS_DIR; };
		F6B8D9E31BFF4756006B65D0 /* AppDelegate.swift */ = {isa = PBXFileReference; lastKnownFileType = sourcecode.swift; path = AppDelegate.swift; sourceTree = "<group>"; };
		F6B8D9E51BFF4756006B65D0 /* ViewController.swift */ = {isa = PBXFileReference; lastKnownFileType = sourcecode.swift; path = ViewController.swift; sourceTree = "<group>"; };
		F6B8D9E81BFF4756006B65D0 /* Base */ = {isa = PBXFileReference; lastKnownFileType = file.storyboard; name = Base; path = Base.lproj/Main.storyboard; sourceTree = "<group>"; };
		F6B8D9EB1BFF4756006B65D0 /* FacebookTestSwift.xcdatamodel */ = {isa = PBXFileReference; lastKnownFileType = wrapper.xcdatamodel; path = FacebookTestSwift.xcdatamodel; sourceTree = "<group>"; };
		F6B8D9ED1BFF4756006B65D0 /* Assets.xcassets */ = {isa = PBXFileReference; lastKnownFileType = folder.assetcatalog; path = Assets.xcassets; sourceTree = "<group>"; };
		F6B8D9F01BFF4756006B65D0 /* Base */ = {isa = PBXFileReference; lastKnownFileType = file.storyboard; name = Base; path = Base.lproj/LaunchScreen.storyboard; sourceTree = "<group>"; };
		F6B8D9F21BFF4756006B65D0 /* Info.plist */ = {isa = PBXFileReference; lastKnownFileType = text.plist.xml; path = Info.plist; sourceTree = "<group>"; };
		F6B8D9F71BFF4756006B65D0 /* FacebookTestSwiftTests.xctest */ = {isa = PBXFileReference; explicitFileType = wrapper.cfbundle; includeInIndex = 0; path = FacebookTestSwiftTests.xctest; sourceTree = BUILT_PRODUCTS_DIR; };
		F6B8D9FB1BFF4756006B65D0 /* FacebookTestSwiftTests.swift */ = {isa = PBXFileReference; lastKnownFileType = sourcecode.swift; path = FacebookTestSwiftTests.swift; sourceTree = "<group>"; };
		F6B8D9FD1BFF4756006B65D0 /* Info.plist */ = {isa = PBXFileReference; lastKnownFileType = text.plist.xml; path = Info.plist; sourceTree = "<group>"; };
		F6B8DA021BFF4756006B65D0 /* FacebookTestSwiftUITests.xctest */ = {isa = PBXFileReference; explicitFileType = wrapper.cfbundle; includeInIndex = 0; path = FacebookTestSwiftUITests.xctest; sourceTree = BUILT_PRODUCTS_DIR; };
		F6B8DA061BFF4756006B65D0 /* FacebookTestSwiftUITests.swift */ = {isa = PBXFileReference; lastKnownFileType = sourcecode.swift; path = FacebookTestSwiftUITests.swift; sourceTree = "<group>"; };
		F6B8DA081BFF4756006B65D0 /* Info.plist */ = {isa = PBXFileReference; lastKnownFileType = text.plist.xml; path = Info.plist; sourceTree = "<group>"; };
		F6B8DA141BFF485C006B65D0 /* Bridging-Header.h */ = {isa = PBXFileReference; fileEncoding = 4; lastKnownFileType = sourcecode.c.h; name = "Bridging-Header.h"; path = "FacebookTestSwift/Bridging-Header.h"; sourceTree = "<group>"; };
		F6B8DA151BFF4A02006B65D0 /* FBSDKCoreKit.framework */ = {isa = PBXFileReference; lastKnownFileType = wrapper.framework; path = FBSDKCoreKit.framework; sourceTree = "<group>"; };
		F6B8DA161BFF4A02006B65D0 /* FBSDKLoginKit.framework */ = {isa = PBXFileReference; lastKnownFileType = wrapper.framework; path = FBSDKLoginKit.framework; sourceTree = "<group>"; };
		F6B8DA191BFF5248006B65D0 /* GreetingsViewController.swift */ = {isa = PBXFileReference; fileEncoding = 4; lastKnownFileType = sourcecode.swift; path = GreetingsViewController.swift; sourceTree = "<group>"; };
/* End PBXFileReference section */

/* Begin PBXFrameworksBuildPhase section */
		F6B8D9DD1BFF4756006B65D0 /* Frameworks */ = {
			isa = PBXFrameworksBuildPhase;
			buildActionMask = 2147483647;
			files = (
				F6B8DA181BFF4A02006B65D0 /* FBSDKLoginKit.framework in Frameworks */,
				F6B8DA171BFF4A02006B65D0 /* FBSDKCoreKit.framework in Frameworks */,
			);
			runOnlyForDeploymentPostprocessing = 0;
		};
		F6B8D9F41BFF4756006B65D0 /* Frameworks */ = {
			isa = PBXFrameworksBuildPhase;
			buildActionMask = 2147483647;
			files = (
			);
			runOnlyForDeploymentPostprocessing = 0;
		};
		F6B8D9FF1BFF4756006B65D0 /* Frameworks */ = {
			isa = PBXFrameworksBuildPhase;
			buildActionMask = 2147483647;
			files = (
			);
			runOnlyForDeploymentPostprocessing = 0;
		};
/* End PBXFrameworksBuildPhase section */

/* Begin PBXGroup section */
		F6B8D9D71BFF4756006B65D0 = {
			isa = PBXGroup;
			children = (
				F6B8DA141BFF485C006B65D0 /* Bridging-Header.h */,
				F6B8DA151BFF4A02006B65D0 /* FBSDKCoreKit.framework */,
				F6B8DA161BFF4A02006B65D0 /* FBSDKLoginKit.framework */,
				F6B8D9E21BFF4756006B65D0 /* FacebookTestSwift */,
				F6B8D9FA1BFF4756006B65D0 /* FacebookTestSwiftTests */,
				F6B8DA051BFF4756006B65D0 /* FacebookTestSwiftUITests */,
				F6B8D9E11BFF4756006B65D0 /* Products */,
			);
			sourceTree = "<group>";
		};
		F6B8D9E11BFF4756006B65D0 /* Products */ = {
			isa = PBXGroup;
			children = (
				F6B8D9E01BFF4756006B65D0 /* FacebookTestSwift.app */,
				F6B8D9F71BFF4756006B65D0 /* FacebookTestSwiftTests.xctest */,
				F6B8DA021BFF4756006B65D0 /* FacebookTestSwiftUITests.xctest */,
			);
			name = Products;
			sourceTree = "<group>";
		};
		F6B8D9E21BFF4756006B65D0 /* FacebookTestSwift */ = {
			isa = PBXGroup;
			children = (
				F6B8D9E31BFF4756006B65D0 /* AppDelegate.swift */,
				F6B8D9E51BFF4756006B65D0 /* ViewController.swift */,
				F6B8DA191BFF5248006B65D0 /* GreetingsViewController.swift */,
				F6B8D9E71BFF4756006B65D0 /* Main.storyboard */,
				F6B8D9ED1BFF4756006B65D0 /* Assets.xcassets */,
				F6B8D9EF1BFF4756006B65D0 /* LaunchScreen.storyboard */,
				F6B8D9F21BFF4756006B65D0 /* Info.plist */,
				F6B8D9EA1BFF4756006B65D0 /* FacebookTestSwift.xcdatamodeld */,
			);
			path = FacebookTestSwift;
			sourceTree = "<group>";
		};
		F6B8D9FA1BFF4756006B65D0 /* FacebookTestSwiftTests */ = {
			isa = PBXGroup;
			children = (
				F6B8D9FB1BFF4756006B65D0 /* FacebookTestSwiftTests.swift */,
				F6B8D9FD1BFF4756006B65D0 /* Info.plist */,
			);
			path = FacebookTestSwiftTests;
			sourceTree = "<group>";
		};
		F6B8DA051BFF4756006B65D0 /* FacebookTestSwiftUITests */ = {
			isa = PBXGroup;
			children = (
				F6B8DA061BFF4756006B65D0 /* FacebookTestSwiftUITests.swift */,
				F6B8DA081BFF4756006B65D0 /* Info.plist */,
			);
			path = FacebookTestSwiftUITests;
			sourceTree = "<group>";
		};
/* End PBXGroup section */

/* Begin PBXNativeTarget section */
		F6B8D9DF1BFF4756006B65D0 /* FacebookTestSwift */ = {
			isa = PBXNativeTarget;
			buildConfigurationList = F6B8DA0B1BFF4756006B65D0 /* Build configuration list for PBXNativeTarget "FacebookTestSwift" */;
			buildPhases = (
				F6B8D9DC1BFF4756006B65D0 /* Sources */,
				F6B8D9DD1BFF4756006B65D0 /* Frameworks */,
				F6B8D9DE1BFF4756006B65D0 /* Resources */,
			);
			buildRules = (
			);
			dependencies = (
			);
			name = FacebookTestSwift;
			productName = FacebookTestSwift;
			productReference = F6B8D9E01BFF4756006B65D0 /* FacebookTestSwift.app */;
			productType = "com.apple.product-type.application";
		};
		F6B8D9F61BFF4756006B65D0 /* FacebookTestSwiftTests */ = {
			isa = PBXNativeTarget;
			buildConfigurationList = F6B8DA0E1BFF4756006B65D0 /* Build configuration list for PBXNativeTarget "FacebookTestSwiftTests" */;
			buildPhases = (
				F6B8D9F31BFF4756006B65D0 /* Sources */,
				F6B8D9F41BFF4756006B65D0 /* Frameworks */,
				F6B8D9F51BFF4756006B65D0 /* Resources */,
			);
			buildRules = (
			);
			dependencies = (
				F6B8D9F91BFF4756006B65D0 /* PBXTargetDependency */,
			);
			name = FacebookTestSwiftTests;
			productName = FacebookTestSwiftTests;
			productReference = F6B8D9F71BFF4756006B65D0 /* FacebookTestSwiftTests.xctest */;
			productType = "com.apple.product-type.bundle.unit-test";
		};
		F6B8DA011BFF4756006B65D0 /* FacebookTestSwiftUITests */ = {
			isa = PBXNativeTarget;
			buildConfigurationList = F6B8DA111BFF4756006B65D0 /* Build configuration list for PBXNativeTarget "FacebookTestSwiftUITests" */;
			buildPhases = (
				F6B8D9FE1BFF4756006B65D0 /* Sources */,
				F6B8D9FF1BFF4756006B65D0 /* Frameworks */,
				F6B8DA001BFF4756006B65D0 /* Resources */,
			);
			buildRules = (
			);
			dependencies = (
				F6B8DA041BFF4756006B65D0 /* PBXTargetDependency */,
			);
			name = FacebookTestSwiftUITests;
			productName = FacebookTestSwiftUITests;
			productReference = F6B8DA021BFF4756006B65D0 /* FacebookTestSwiftUITests.xctest */;
			productType = "com.apple.product-type.bundle.ui-testing";
		};
/* End PBXNativeTarget section */

/* Begin PBXProject section */
		F6B8D9D81BFF4756006B65D0 /* Project object */ = {
			isa = PBXProject;
			attributes = {
				LastSwiftUpdateCheck = 0710;
				LastUpgradeCheck = 0710;
				ORGANIZATIONNAME = Ariane;
				TargetAttributes = {
					F6B8D9DF1BFF4756006B65D0 = {
						CreatedOnToolsVersion = 7.1.1;
					};
					F6B8D9F61BFF4756006B65D0 = {
						CreatedOnToolsVersion = 7.1.1;
						TestTargetID = F6B8D9DF1BFF4756006B65D0;
					};
					F6B8DA011BFF4756006B65D0 = {
						CreatedOnToolsVersion = 7.1.1;
						TestTargetID = F6B8D9DF1BFF4756006B65D0;
					};
				};
			};
			buildConfigurationList = F6B8D9DB1BFF4756006B65D0 /* Build configuration list for PBXProject "FacebookTestSwift" */;
			compatibilityVersion = "Xcode 3.2";
			developmentRegion = English;
			hasScannedForEncodings = 0;
			knownRegions = (
				en,
				Base,
			);
			mainGroup = F6B8D9D71BFF4756006B65D0;
			productRefGroup = F6B8D9E11BFF4756006B65D0 /* Products */;
			projectDirPath = "";
			projectRoot = "";
			targets = (
				F6B8D9DF1BFF4756006B65D0 /* FacebookTestSwift */,
				F6B8D9F61BFF4756006B65D0 /* FacebookTestSwiftTests */,
				F6B8DA011BFF4756006B65D0 /* FacebookTestSwiftUITests */,
			);
		};
/* End PBXProject section */

/* Begin PBXResourcesBuildPhase section */
		F6B8D9DE1BFF4756006B65D0 /* Resources */ = {
			isa = PBXResourcesBuildPhase;
			buildActionMask = 2147483647;
			files = (
				F6B8D9F11BFF4756006B65D0 /* LaunchScreen.storyboard in Resources */,
				F6B8D9EE1BFF4756006B65D0 /* Assets.xcassets in Resources */,
				F6B8D9E91BFF4756006B65D0 /* Main.storyboard in Resources */,
			);
			runOnlyForDeploymentPostprocessing = 0;
		};
		F6B8D9F51BFF4756006B65D0 /* Resources */ = {
			isa = PBXResourcesBuildPhase;
			buildActionMask = 2147483647;
			files = (
			);
			runOnlyForDeploymentPostprocessing = 0;
		};
		F6B8DA001BFF4756006B65D0 /* Resources */ = {
			isa = PBXResourcesBuildPhase;
			buildActionMask = 2147483647;
			files = (
			);
			runOnlyForDeploymentPostprocessing = 0;
		};
/* End PBXResourcesBuildPhase section */

/* Begin PBXSourcesBuildPhase section */
		F6B8D9DC1BFF4756006B65D0 /* Sources */ = {
			isa = PBXSourcesBuildPhase;
			buildActionMask = 2147483647;
			files = (
				F6B8D9E61BFF4756006B65D0 /* ViewController.swift in Sources */,
				F6B8D9EC1BFF4756006B65D0 /* FacebookTestSwift.xcdatamodeld in Sources */,
				F6B8D9E41BFF4756006B65D0 /* AppDelegate.swift in Sources */,
				F6B8DA1A1BFF5248006B65D0 /* GreetingsViewController.swift in Sources */,
			);
			runOnlyForDeploymentPostprocessing = 0;
		};
		F6B8D9F31BFF4756006B65D0 /* Sources */ = {
			isa = PBXSourcesBuildPhase;
			buildActionMask = 2147483647;
			files = (
				F6B8D9FC1BFF4756006B65D0 /* FacebookTestSwiftTests.swift in Sources */,
			);
			runOnlyForDeploymentPostprocessing = 0;
		};
		F6B8D9FE1BFF4756006B65D0 /* Sources */ = {
			isa = PBXSourcesBuildPhase;
			buildActionMask = 2147483647;
			files = (
				F6B8DA071BFF4756006B65D0 /* FacebookTestSwiftUITests.swift in Sources */,
			);
			runOnlyForDeploymentPostprocessing = 0;
		};
/* End PBXSourcesBuildPhase section */

/* Begin PBXTargetDependency section */
		F6B8D9F91BFF4756006B65D0 /* PBXTargetDependency */ = {
			isa = PBXTargetDependency;
			target = F6B8D9DF1BFF4756006B65D0 /* FacebookTestSwift */;
			targetProxy = F6B8D9F81BFF4756006B65D0 /* PBXContainerItemProxy */;
		};
		F6B8DA041BFF4756006B65D0 /* PBXTargetDependency */ = {
			isa = PBXTargetDependency;
			target = F6B8D9DF1BFF4756006B65D0 /* FacebookTestSwift */;
			targetProxy = F6B8DA031BFF4756006B65D0 /* PBXContainerItemProxy */;
		};
/* End PBXTargetDependency section */

/* Begin PBXVariantGroup section */
		F6B8D9E71BFF4756006B65D0 /* Main.storyboard */ = {
			isa = PBXVariantGroup;
			children = (
				F6B8D9E81BFF4756006B65D0 /* Base */,
			);
			name = Main.storyboard;
			sourceTree = "<group>";
		};
		F6B8D9EF1BFF4756006B65D0 /* LaunchScreen.storyboard */ = {
			isa = PBXVariantGroup;
			children = (
				F6B8D9F01BFF4756006B65D0 /* Base */,
			);
			name = LaunchScreen.storyboard;
			sourceTree = "<group>";
		};
/* End PBXVariantGroup section */

/* Begin XCBuildConfiguration section */
		F6B8DA091BFF4756006B65D0 /* Debug */ = {
			isa = XCBuildConfiguration;
			buildSettings = {
				ALWAYS_SEARCH_USER_PATHS = NO;
				CLANG_CXX_LANGUAGE_STANDARD = "gnu++0x";
				CLANG_CXX_LIBRARY = "libc++";
				CLANG_ENABLE_MODULES = YES;
				CLANG_ENABLE_OBJC_ARC = YES;
				CLANG_WARN_BOOL_CONVERSION = YES;
				CLANG_WARN_CONSTANT_CONVERSION = YES;
				CLANG_WARN_DIRECT_OBJC_ISA_USAGE = YES_ERROR;
				CLANG_WARN_EMPTY_BODY = YES;
				CLANG_WARN_ENUM_CONVERSION = YES;
				CLANG_WARN_INT_CONVERSION = YES;
				CLANG_WARN_OBJC_ROOT_CLASS = YES_ERROR;
				CLANG_WARN_UNREACHABLE_CODE = YES;
				CLANG_WARN__DUPLICATE_METHOD_MATCH = YES;
				"CODE_SIGN_IDENTITY[sdk=iphoneos*]" = "iPhone Developer";
				COPY_PHASE_STRIP = NO;
				DEBUG_INFORMATION_FORMAT = dwarf;
				ENABLE_STRICT_OBJC_MSGSEND = YES;
				ENABLE_TESTABILITY = YES;
				GCC_C_LANGUAGE_STANDARD = gnu99;
				GCC_DYNAMIC_NO_PIC = NO;
				GCC_NO_COMMON_BLOCKS = YES;
				GCC_OPTIMIZATION_LEVEL = 0;
				GCC_PREPROCESSOR_DEFINITIONS = (
					"DEBUG=1",
					"$(inherited)",
				);
				GCC_WARN_64_TO_32_BIT_CONVERSION = YES;
				GCC_WARN_ABOUT_RETURN_TYPE = YES_ERROR;
				GCC_WARN_UNDECLARED_SELECTOR = YES;
				GCC_WARN_UNINITIALIZED_AUTOS = YES_AGGRESSIVE;
				GCC_WARN_UNUSED_FUNCTION = YES;
				GCC_WARN_UNUSED_VARIABLE = YES;
				IPHONEOS_DEPLOYMENT_TARGET = 9.1;
				MTL_ENABLE_DEBUG_INFO = YES;
				ONLY_ACTIVE_ARCH = YES;
				SDKROOT = iphoneos;
				SWIFT_OPTIMIZATION_LEVEL = "-Onone";
				TARGETED_DEVICE_FAMILY = "1,2";
			};
			name = Debug;
		};
		F6B8DA0A1BFF4756006B65D0 /* Release */ = {
			isa = XCBuildConfiguration;
			buildSettings = {
				ALWAYS_SEARCH_USER_PATHS = NO;
				CLANG_CXX_LANGUAGE_STANDARD = "gnu++0x";
				CLANG_CXX_LIBRARY = "libc++";
				CLANG_ENABLE_MODULES = YES;
				CLANG_ENABLE_OBJC_ARC = YES;
				CLANG_WARN_BOOL_CONVERSION = YES;
				CLANG_WARN_CONSTANT_CONVERSION = YES;
				CLANG_WARN_DIRECT_OBJC_ISA_USAGE = YES_ERROR;
				CLANG_WARN_EMPTY_BODY = YES;
				CLANG_WARN_ENUM_CONVERSION = YES;
				CLANG_WARN_INT_CONVERSION = YES;
				CLANG_WARN_OBJC_ROOT_CLASS = YES_ERROR;
				CLANG_WARN_UNREACHABLE_CODE = YES;
				CLANG_WARN__DUPLICATE_METHOD_MATCH = YES;
				"CODE_SIGN_IDENTITY[sdk=iphoneos*]" = "iPhone Developer";
				COPY_PHASE_STRIP = NO;
				DEBUG_INFORMATION_FORMAT = "dwarf-with-dsym";
				ENABLE_NS_ASSERTIONS = NO;
				ENABLE_STRICT_OBJC_MSGSEND = YES;
				GCC_C_LANGUAGE_STANDARD = gnu99;
				GCC_NO_COMMON_BLOCKS = YES;
				GCC_WARN_64_TO_32_BIT_CONVERSION = YES;
				GCC_WARN_ABOUT_RETURN_TYPE = YES_ERROR;
				GCC_WARN_UNDECLARED_SELECTOR = YES;
				GCC_WARN_UNINITIALIZED_AUTOS = YES_AGGRESSIVE;
				GCC_WARN_UNUSED_FUNCTION = YES;
				GCC_WARN_UNUSED_VARIABLE = YES;
				IPHONEOS_DEPLOYMENT_TARGET = 9.1;
				MTL_ENABLE_DEBUG_INFO = NO;
				SDKROOT = iphoneos;
				TARGETED_DEVICE_FAMILY = "1,2";
				VALIDATE_PRODUCT = YES;
			};
			name = Release;
		};
		F6B8DA0C1BFF4756006B65D0 /* Debug */ = {
			isa = XCBuildConfiguration;
			buildSettings = {
				ASSETCATALOG_COMPILER_APPICON_NAME = AppIcon;
				FRAMEWORK_SEARCH_PATHS = (
					"$(inherited)",
					"$(PROJECT_DIR)",
				);
				INFOPLIST_FILE = FacebookTestSwift/Info.plist;
				LD_RUNPATH_SEARCH_PATHS = "$(inherited) @executable_path/Frameworks";
				PRODUCT_BUNDLE_IDENTIFIER = com.arianeoliveira.FacebookTestSwift;
				PRODUCT_NAME = "$(TARGET_NAME)";
				SWIFT_OBJC_BRIDGING_HEADER = "FacebookTestSwift/Bridging-Header.h";
			};
			name = Debug;
		};
		F6B8DA0D1BFF4756006B65D0 /* Release */ = {
			isa = XCBuildConfiguration;
			buildSettings = {
				ASSETCATALOG_COMPILER_APPICON_NAME = AppIcon;
				FRAMEWORK_SEARCH_PATHS = (
					"$(inherited)",
					"$(PROJECT_DIR)",
				);
				INFOPLIST_FILE = FacebookTestSwift/Info.plist;
				LD_RUNPATH_SEARCH_PATHS = "$(inherited) @executable_path/Frameworks";
				PRODUCT_BUNDLE_IDENTIFIER = com.arianeoliveira.FacebookTestSwift;
				PRODUCT_NAME = "$(TARGET_NAME)";
				SWIFT_OBJC_BRIDGING_HEADER = "FacebookTestSwift/Bridging-Header.h";
			};
			name = Release;
		};
		F6B8DA0F1BFF4756006B65D0 /* Debug */ = {
			isa = XCBuildConfiguration;
			buildSettings = {
				BUNDLE_LOADER = "$(TEST_HOST)";
				INFOPLIST_FILE = FacebookTestSwiftTests/Info.plist;
				LD_RUNPATH_SEARCH_PATHS = "$(inherited) @executable_path/Frameworks @loader_path/Frameworks";
				PRODUCT_BUNDLE_IDENTIFIER = com.arianeoliveira.FacebookTestSwiftTests;
				PRODUCT_NAME = "$(TARGET_NAME)";
				TEST_HOST = "$(BUILT_PRODUCTS_DIR)/FacebookTestSwift.app/FacebookTestSwift";
			};
			name = Debug;
		};
		F6B8DA101BFF4756006B65D0 /* Release */ = {
			isa = XCBuildConfiguration;
			buildSettings = {
				BUNDLE_LOADER = "$(TEST_HOST)";
				INFOPLIST_FILE = FacebookTestSwiftTests/Info.plist;
				LD_RUNPATH_SEARCH_PATHS = "$(inherited) @executable_path/Frameworks @loader_path/Frameworks";
				PRODUCT_BUNDLE_IDENTIFIER = com.arianeoliveira.FacebookTestSwiftTests;
				PRODUCT_NAME = "$(TARGET_NAME)";
				TEST_HOST = "$(BUILT_PRODUCTS_DIR)/FacebookTestSwift.app/FacebookTestSwift";
			};
			name = Release;
		};
		F6B8DA121BFF4756006B65D0 /* Debug */ = {
			isa = XCBuildConfiguration;
			buildSettings = {
				INFOPLIST_FILE = FacebookTestSwiftUITests/Info.plist;
				LD_RUNPATH_SEARCH_PATHS = "$(inherited) @executable_path/Frameworks @loader_path/Frameworks";
				PRODUCT_BUNDLE_IDENTIFIER = com.arianeoliveira.FacebookTestSwiftUITests;
				PRODUCT_NAME = "$(TARGET_NAME)";
				TEST_TARGET_NAME = FacebookTestSwift;
				USES_XCTRUNNER = YES;
			};
			name = Debug;
		};
		F6B8DA131BFF4756006B65D0 /* Release */ = {
			isa = XCBuildConfiguration;
			buildSettings = {
				INFOPLIST_FILE = FacebookTestSwiftUITests/Info.plist;
				LD_RUNPATH_SEARCH_PATHS = "$(inherited) @executable_path/Frameworks @loader_path/Frameworks";
				PRODUCT_BUNDLE_IDENTIFIER = com.arianeoliveira.FacebookTestSwiftUITests;
				PRODUCT_NAME = "$(TARGET_NAME)";
				TEST_TARGET_NAME = FacebookTestSwift;
				USES_XCTRUNNER = YES;
			};
			name = Release;
		};
/* End XCBuildConfiguration section */

/* Begin XCConfigurationList section */
		F6B8D9DB1BFF4756006B65D0 /* Build configuration list for PBXProject "FacebookTestSwift" */ = {
			isa = XCConfigurationList;
			buildConfigurations = (
				F6B8DA091BFF4756006B65D0 /* Debug */,
				F6B8DA0A1BFF4756006B65D0 /* Release */,
			);
			defaultConfigurationIsVisible = 0;
			defaultConfigurationName = Release;
		};
		F6B8DA0B1BFF4756006B65D0 /* Build configuration list for PBXNativeTarget "FacebookTestSwift" */ = {
			isa = XCConfigurationList;
			buildConfigurations = (
				F6B8DA0C1BFF4756006B65D0 /* Debug */,
				F6B8DA0D1BFF4756006B65D0 /* Release */,
			);
			defaultConfigurationIsVisible = 0;
		};
		F6B8DA0E1BFF4756006B65D0 /* Build configuration list for PBXNativeTarget "FacebookTestSwiftTests" */ = {
			isa = XCConfigurationList;
			buildConfigurations = (
				F6B8DA0F1BFF4756006B65D0 /* Debug */,
				F6B8DA101BFF4756006B65D0 /* Release */,
			);
			defaultConfigurationIsVisible = 0;
		};
		F6B8DA111BFF4756006B65D0 /* Build configuration list for PBXNativeTarget "FacebookTestSwiftUITests" */ = {
			isa = XCConfigurationList;
			buildConfigurations = (
				F6B8DA121BFF4756006B65D0 /* Debug */,
				F6B8DA131BFF4756006B65D0 /* Release */,
			);
			defaultConfigurationIsVisible = 0;
		};
/* End XCConfigurationList section */

/* Begin XCVersionGroup section */
		F6B8D9EA1BFF4756006B65D0 /* FacebookTestSwift.xcdatamodeld */ = {
			isa = XCVersionGroup;
			children = (
				F6B8D9EB1BFF4756006B65D0 /* FacebookTestSwift.xcdatamodel */,
			);
			currentVersion = F6B8D9EB1BFF4756006B65D0 /* FacebookTestSwift.xcdatamodel */;
			path = FacebookTestSwift.xcdatamodeld;
			sourceTree = "<group>";
			versionGroupType = wrapper.xcdatamodel;
		};
/* End XCVersionGroup section */
	};
	rootObject = F6B8D9D81BFF4756006B65D0 /* Project object */;
}
